
Microsoft Visual Studio Solution File, Format Version 12.00
# Visual Studio Version 17
VisualStudioVersion = 17.9.34902.65
MinimumVisualStudioVersion = 10.0.40219.1
Project("{FAE04EC0-301F-11D3-BF4B-00C04F79EFBC}") = "SearchEngine", "SearchEngine\SearchEngine.csproj", "{AF00DD10-1CEF-4561-973D-9E3AB7CA6090}"
EndProject
Global
	GlobalSection(SolutionConfigurationPlatforms) = preSolution
		Debug|Any CPU = Debug|Any CPU
		Release|Any CPU = Release|Any CPU
	EndGlobalSection
	GlobalSection(ProjectConfigurationPlatforms) = postSolution
		{AF00DD10-1CEF-4561-973D-9E3AB7CA6090}.Debug|Any CPU.ActiveCfg = Debug|Any CPU
		{AF00DD10-1CEF-4561-973D-9E3AB7CA6090}.Debug|Any CPU.Build.0 = Debug|Any CPU
		{AF00DD10-1CEF-4561-973D-9E3AB7CA6090}.Release|Any CPU.ActiveCfg = Release|Any CPU
		{AF00DD10-1CEF-4561-973D-9E3AB7CA6090}.Release|Any CPU.Build.0 = Release|Any CPU
	EndGlobalSection
	GlobalSection(SolutionProperties) = preSolution
		HideSolutionNode = FALSE
	EndGlobalSection
	GlobalSection(ExtensibilityGlobals) = postSolution
		SolutionGuid = {92DA867F-8C1C-44D2-8E22-0CB84B24C9BC}
	EndGlobalSection
EndGlobal
